{
  "requires": true,
  "lockfileVersion": 1,
  "dependencies": {
    "@fortawesome/fontawesome-free": {
      "version": "5.11.2",
      "resolved": "https://registry.npmjs.org/@fortawesome/fontawesome-free/-/fontawesome-free-5.11.2.tgz",
      "integrity": "sha512-XiUPoS79r1G7PcpnNtq85TJ7inJWe0v+b5oZJZKb0pGHNIV6+UiNeQWiFGmuQ0aj7GEhnD/v9iqxIsjuRKtEnQ=="
    },
    "jquery": {
      "version": "1.12.4",
      "resolved": "https://registry.npmjs.org/jquery/-/jquery-1.12.4.tgz",
      "integrity": "sha1-AeHfuikP5z3rp3zurLD5ui/sngw="
    },
    "rvnm": {
      "version": "1.1.3",
      "resolved": "https://registry.npmjs.org/rvnm/-/rvnm-1.1.3.tgz",
      "integrity": "sha512-IJwjD0EiHwe40/E/kTR0zHDiIWMjbXMdXpdFQAKuZYehFj6Z2wS7Qe/9l9/trJ44WHRiCl5QxfJltgwSLF35Vg==",
      "requires": {
        "@fortawesome/fontawesome-free": "^5.9.0",
        "jquery": "^1.10.2"
      }
    }
  }
}
